
Microsoft Visual Studio Solution File, Format Version 12.00
# Visual Studio 15
VisualStudioVersion = 15.0.27130.2003
MinimumVisualStudioVersion = 10.0.40219.1
Project("{FAE04EC0-301F-11D3-BF4B-00C04F79EFBC}") = "BatteryLifeCalculator", "BatteryLifeCalculator\BatteryLifeCalculator.csproj", "{77C0BE9B-B870-4CBA-9C73-211DC74815F1}"
EndProject
Global
	GlobalSection(SolutionConfigurationPlatforms) = preSolution
		Debug|Any CPU = Debug|Any CPU
		Release|Any CPU = Release|Any CPU
	EndGlobalSection
	GlobalSection(ProjectConfigurationPlatforms) = postSolution
		{77C0BE9B-B870-4CBA-9C73-211DC74815F1}.Debug|Any CPU.ActiveCfg = Debug|Any CPU
		{77C0BE9B-B870-4CBA-9C73-211DC74815F1}.Debug|Any CPU.Build.0 = Debug|Any CPU
		{77C0BE9B-B870-4CBA-9C73-211DC74815F1}.Release|Any CPU.ActiveCfg = Release|Any CPU
		{77C0BE9B-B870-4CBA-9C73-211DC74815F1}.Release|Any CPU.Build.0 = Release|Any CPU
	EndGlobalSection
	GlobalSection(SolutionProperties) = preSolution
		HideSolutionNode = FALSE
	EndGlobalSection
	GlobalSection(ExtensibilityGlobals) = postSolution
		SolutionGuid = {3B3D596D-4296-4F8E-9105-B80BC57B646F}
	EndGlobalSection
EndGlobal
